
Microsoft Visual Studio Solution File, Format Version 12.00
# Visual Studio Version 16
VisualStudioVersion = 16.0.29306.81
MinimumVisualStudioVersion = 10.0.40219.1
Project("{9A19103F-16F7-4668-BE54-9A1E7A4F7556}") = "iFleetWeb", "pim2\iFleetWeb.csproj", "{DF147DD9-1D4C-4E91-B1D6-60534F174602}"
EndProject
Global
	GlobalSection(SolutionConfigurationPlatforms) = preSolution
		Debug|Any CPU = Debug|Any CPU
		Release|Any CPU = Release|Any CPU
	EndGlobalSection
	GlobalSection(ProjectConfigurationPlatforms) = postSolution
		{DF147DD9-1D4C-4E91-B1D6-60534F174602}.Debug|Any CPU.ActiveCfg = Debug|Any CPU
		{DF147DD9-1D4C-4E91-B1D6-60534F174602}.Debug|Any CPU.Build.0 = Debug|Any CPU
		{DF147DD9-1D4C-4E91-B1D6-60534F174602}.Release|Any CPU.ActiveCfg = Release|Any CPU
		{DF147DD9-1D4C-4E91-B1D6-60534F174602}.Release|Any CPU.Build.0 = Release|Any CPU
	EndGlobalSection
	GlobalSection(SolutionProperties) = preSolution
		HideSolutionNode = FALSE
	EndGlobalSection
	GlobalSection(ExtensibilityGlobals) = postSolution
		SolutionGuid = {61798788-1AEB-401E-B53C-FD791446DD37}
	EndGlobalSection
EndGlobal
